
Microsoft Visual Studio Solution File, Format Version 12.00
# Visual Studio 2012
Project("{FAE04EC0-301F-11D3-BF4B-00C04F79EFBC}") = "Fayde.DataVis", "Fayde.DataVis\Fayde.DataVis.csproj", "{20213B0B-FB9E-44B0-AD48-356C20D23FA0}"
EndProject
Project("{FAE04EC0-301F-11D3-BF4B-00C04F79EFBC}") = "Fayde.DataVis.Test", "Fayde.DataVis.Test\Fayde.DataVis.Test.csproj", "{C52459E3-8FCA-44A4-83E1-4726529D0F07}"
EndProject
Global
	GlobalSection(SolutionConfigurationPlatforms) = preSolution
		Debug|Any CPU = Debug|Any CPU
		Release|Any CPU = Release|Any CPU
	EndGlobalSection
	GlobalSection(ProjectConfigurationPlatforms) = postSolution
		{20213B0B-FB9E-44B0-AD48-356C20D23FA0}.Debug|Any CPU.ActiveCfg = Debug|Any CPU
		{20213B0B-FB9E-44B0-AD48-356C20D23FA0}.Debug|Any CPU.Build.0 = Debug|Any CPU
		{20213B0B-FB9E-44B0-AD48-356C20D23FA0}.Release|Any CPU.ActiveCfg = Release|Any CPU
		{20213B0B-FB9E-44B0-AD48-356C20D23FA0}.Release|Any CPU.Build.0 = Release|Any CPU
		{C52459E3-8FCA-44A4-83E1-4726529D0F07}.Debug|Any CPU.ActiveCfg = Debug|Any CPU
		{C52459E3-8FCA-44A4-83E1-4726529D0F07}.Debug|Any CPU.Build.0 = Debug|Any CPU
		{C52459E3-8FCA-44A4-83E1-4726529D0F07}.Release|Any CPU.ActiveCfg = Release|Any CPU
		{C52459E3-8FCA-44A4-83E1-4726529D0F07}.Release|Any CPU.Build.0 = Release|Any CPU
	EndGlobalSection
	GlobalSection(SolutionProperties) = preSolution
		HideSolutionNode = FALSE
	EndGlobalSection
EndGlobal
